// !$*UTF8*$!
{
	archiveVersion = 1;
	classes = {
	};
	objectVersion = 50;
	objects = {

/* Begin PBXBuildFile section */
		FAA0DFA3252C426000B3DAED /* AppDelegate.swift in Sources */ = {isa = PBXBuildFile; fileRef = FAA0DFA2252C426000B3DAED /* AppDelegate.swift */; };
		FAA0DFA5252C426000B3DAED /* SceneDelegate.swift in Sources */ = {isa = PBXBuildFile; fileRef = FAA0DFA4252C426000B3DAED /* SceneDelegate.swift */; };
		FAA0DFA7252C426000B3DAED /* ViewController.swift in Sources */ = {isa = PBXBuildFile; fileRef = FAA0DFA6252C426000B3DAED /* ViewController.swift */; };
		FAA0DFAA252C426000B3DAED /* Main.storyboard in Resources */ = {isa = PBXBuildFile; fileRef = FAA0DFA8252C426000B3DAED /* Main.storyboard */; };
		FAA0DFAC252C426300B3DAED /* Assets.xcassets in Resources */ = {isa = PBXBuildFile; fileRef = FAA0DFAB252C426300B3DAED /* Assets.xcassets */; };
		FAA0DFAF252C426300B3DAED /* LaunchScreen.storyboard in Resources */ = {isa = PBXBuildFile; fileRef = FAA0DFAD252C426300B3DAED /* LaunchScreen.storyboard */; };
		FAA0DFBA252C426400B3DAED /* TableViewAppTests.swift in Sources */ = {isa = PBXBuildFile; fileRef = FAA0DFB9252C426400B3DAED /* TableViewAppTests.swift */; };
		FAA0DFC5252C426400B3DAED /* TableViewAppUITests.swift in Sources */ = {isa = PBXBuildFile; fileRef = FAA0DFC4252C426400B3DAED /* TableViewAppUITests.swift */; };
/* End PBXBuildFile section */

/* Begin PBXContainerItemProxy section */
		FAA0DFB6252C426400B3DAED /* PBXContainerItemProxy */ = {
			isa = PBXContainerItemProxy;
			containerPortal = FAA0DF97252C426000B3DAED /* Project object */;
			proxyType = 1;
			remoteGlobalIDString = FAA0DF9E252C426000B3DAED;
			remoteInfo = TableViewApp;
		};
		FAA0DFC1252C426400B3DAED /* PBXContainerItemProxy */ = {
			isa = PBXContainerItemProxy;
			containerPortal = FAA0DF97252C426000B3DAED /* Project object */;
			proxyType = 1;
			remoteGlobalIDString = FAA0DF9E252C426000B3DAED;
			remoteInfo = TableViewApp;
		};
/* End PBXContainerItemProxy section */

/* Begin PBXFileReference section */
		FAA0DF9F252C426000B3DAED /* TableViewApp.app */ = {isa = PBXFileReference; explicitFileType = wrapper.application; includeInIndex = 0; path = TableViewApp.app; sourceTree = BUILT_PRODUCTS_DIR; };
		FAA0DFA2252C426000B3DAED /* AppDelegate.swift */ = {isa = PBXFileReference; lastKnownFileType = sourcecode.swift; path = AppDelegate.swift; sourceTree = "<group>"; };
		FAA0DFA4252C426000B3DAED /* SceneDelegate.swift */ = {isa = PBXFileReference; lastKnownFileType = sourcecode.swift; path = SceneDelegate.swift; sourceTree = "<group>"; };
		FAA0DFA6252C426000B3DAED /* ViewController.swift */ = {isa = PBXFileReference; lastKnownFileType = sourcecode.swift; path = ViewController.swift; sourceTree = "<group>"; };
		FAA0DFA9252C426000B3DAED /* Base */ = {isa = PBXFileReference; lastKnownFileType = file.storyboard; name = Base; path = Base.lproj/Main.storyboard; sourceTree = "<group>"; };
		FAA0DFAB252C426300B3DAED /* Assets.xcassets */ = {isa = PBXFileReference; lastKnownFileType = folder.assetcatalog; path = Assets.xcassets; sourceTree = "<group>"; };
		FAA0DFAE252C426300B3DAED /* Base */ = {isa = PBXFileReference; lastKnownFileType = file.storyboard; name = Base; path = Base.lproj/LaunchScreen.storyboard; sourceTree = "<group>"; };
		FAA0DFB0252C426300B3DAED /* Info.plist */ = {isa = PBXFileReference; lastKnownFileType = text.plist.xml; path = Info.plist; sourceTree = "<group>"; };
		FAA0DFB5252C426400B3DAED /* TableViewAppTests.xctest */ = {isa = PBXFileReference; explicitFileType = wrapper.cfbundle; includeInIndex = 0; path = TableViewAppTests.xctest; sourceTree = BUILT_PRODUCTS_DIR; };
		FAA0DFB9252C426400B3DAED /* TableViewAppTests.swift */ = {isa = PBXFileReference; lastKnownFileType = sourcecode.swift; path = TableViewAppTests.swift; sourceTree = "<group>"; };
		FAA0DFBB252C426400B3DAED /* Info.plist */ = {isa = PBXFileReference; lastKnownFileType = text.plist.xml; path = Info.plist; sourceTree = "<group>"; };
		FAA0DFC0252C426400B3DAED /* TableViewAppUITests.xctest */ = {isa = PBXFileReference; explicitFileType = wrapper.cfbundle; includeInIndex = 0; path = TableViewAppUITests.xctest; sourceTree = BUILT_PRODUCTS_DIR; };
		FAA0DFC4252C426400B3DAED /* TableViewAppUITests.swift */ = {isa = PBXFileReference; lastKnownFileType = sourcecode.swift; path = TableViewAppUITests.swift; sourceTree = "<group>"; };
		FAA0DFC6252C426400B3DAED /* Info.plist */ = {isa = PBXFileReference; lastKnownFileType = text.plist.xml; path = Info.plist; sourceTree = "<group>"; };
/* End PBXFileReference section */

/* Begin PBXFrameworksBuildPhase section */
		FAA0DF9C252C426000B3DAED /* Frameworks */ = {
			isa = PBXFrameworksBuildPhase;
			buildActionMask = 2147483647;
			files = (
			);
			runOnlyForDeploymentPostprocessing = 0;
		};
		FAA0DFB2252C426400B3DAED /* Frameworks */ = {
			isa = PBXFrameworksBuildPhase;
			buildActionMask = 2147483647;
			files = (
			);
			runOnlyForDeploymentPostprocessing = 0;
		};
		FAA0DFBD252C426400B3DAED /* Frameworks */ = {
			isa = PBXFrameworksBuildPhase;
			buildActionMask = 2147483647;
			files = (
			);
			runOnlyForDeploymentPostprocessing = 0;
		};
/* End PBXFrameworksBuildPhase section */

/* Begin PBXGroup section */
		FAA0DF96252C426000B3DAED = {
			isa = PBXGroup;
			children = (
				FAA0DFA1252C426000B3DAED /* TableViewApp */,
				FAA0DFB8252C426400B3DAED /* TableViewAppTests */,
				FAA0DFC3252C426400B3DAED /* TableViewAppUITests */,
				FAA0DFA0252C426000B3DAED /* Products */,
			);
			sourceTree = "<group>";
		};
		FAA0DFA0252C426000B3DAED /* Products */ = {
			isa = PBXGroup;
			children = (
				FAA0DF9F252C426000B3DAED /* TableViewApp.app */,
				FAA0DFB5252C426400B3DAED /* TableViewAppTests.xctest */,
				FAA0DFC0252C426400B3DAED /* TableViewAppUITests.xctest */,
			);
			name = Products;
			sourceTree = "<group>";
		};
		FAA0DFA1252C426000B3DAED /* TableViewApp */ = {
			isa = PBXGroup;
			children = (
				FAA0DFA2252C426000B3DAED /* AppDelegate.swift */,
				FAA0DFA4252C426000B3DAED /* SceneDelegate.swift */,
				FAA0DFA6252C426000B3DAED /* ViewController.swift */,
				FAA0DFA8252C426000B3DAED /* Main.storyboard */,
				FAA0DFAB252C426300B3DAED /* Assets.xcassets */,
				FAA0DFAD252C426300B3DAED /* LaunchScreen.storyboard */,
				FAA0DFB0252C426300B3DAED /* Info.plist */,
			);
			path = TableViewApp;
			sourceTree = "<group>";
		};
		FAA0DFB8252C426400B3DAED /* TableViewAppTests */ = {
			isa = PBXGroup;
			children = (
				FAA0DFB9252C426400B3DAED /* TableViewAppTests.swift */,
				FAA0DFBB252C426400B3DAED /* Info.plist */,
			);
			path = TableViewAppTests;
			sourceTree = "<group>";
		};
		FAA0DFC3252C426400B3DAED /* TableViewAppUITests */ = {
			isa = PBXGroup;
			children = (
				FAA0DFC4252C426400B3DAED /* TableViewAppUITests.swift */,
				FAA0DFC6252C426400B3DAED /* Info.plist */,
			);
			path = TableViewAppUITests;
			sourceTree = "<group>";
		};
/* End PBXGroup section */

/* Begin PBXNativeTarget section */
		FAA0DF9E252C426000B3DAED /* TableViewApp */ = {
			isa = PBXNativeTarget;
			buildConfigurationList = FAA0DFC9252C426400B3DAED /* Build configuration list for PBXNativeTarget "TableViewApp" */;
			buildPhases = (
				FAA0DF9B252C426000B3DAED /* Sources */,
				FAA0DF9C252C426000B3DAED /* Frameworks */,
				FAA0DF9D252C426000B3DAED /* Resources */,
			);
			buildRules = (
			);
			dependencies = (
			);
			name = TableViewApp;
			productName = TableViewApp;
			productReference = FAA0DF9F252C426000B3DAED /* TableViewApp.app */;
			productType = "com.apple.product-type.application";
		};
		FAA0DFB4252C426400B3DAED /* TableViewAppTests */ = {
			isa = PBXNativeTarget;
			buildConfigurationList = FAA0DFCC252C426400B3DAED /* Build configuration list for PBXNativeTarget "TableViewAppTests" */;
			buildPhases = (
				FAA0DFB1252C426400B3DAED /* Sources */,
				FAA0DFB2252C426400B3DAED /* Frameworks */,
				FAA0DFB3252C426400B3DAED /* Resources */,
			);
			buildRules = (
			);
			dependencies = (
				FAA0DFB7252C426400B3DAED /* PBXTargetDependency */,
			);
			name = TableViewAppTests;
			productName = TableViewAppTests;
			productReference = FAA0DFB5252C426400B3DAED /* TableViewAppTests.xctest */;
			productType = "com.apple.product-type.bundle.unit-test";
		};
		FAA0DFBF252C426400B3DAED /* TableViewAppUITests */ = {
			isa = PBXNativeTarget;
			buildConfigurationList = FAA0DFCF252C426400B3DAED /* Build configuration list for PBXNativeTarget "TableViewAppUITests" */;
			buildPhases = (
				FAA0DFBC252C426400B3DAED /* Sources */,
				FAA0DFBD252C426400B3DAED /* Frameworks */,
				FAA0DFBE252C426400B3DAED /* Resources */,
			);
			buildRules = (
			);
			dependencies = (
				FAA0DFC2252C426400B3DAED /* PBXTargetDependency */,
			);
			name = TableViewAppUITests;
			productName = TableViewAppUITests;
			productReference = FAA0DFC0252C426400B3DAED /* TableViewAppUITests.xctest */;
			productType = "com.apple.product-type.bundle.ui-testing";
		};
/* End PBXNativeTarget section */

/* Begin PBXProject section */
		FAA0DF97252C426000B3DAED /* Project object */ = {
			isa = PBXProject;
			attributes = {
				LastSwiftUpdateCheck = 1200;
				LastUpgradeCheck = 1200;
				TargetAttributes = {
					FAA0DF9E252C426000B3DAED = {
						CreatedOnToolsVersion = 12.0.1;
					};
					FAA0DFB4252C426400B3DAED = {
						CreatedOnToolsVersion = 12.0.1;
						TestTargetID = FAA0DF9E252C426000B3DAED;
					};
					FAA0DFBF252C426400B3DAED = {
						CreatedOnToolsVersion = 12.0.1;
						TestTargetID = FAA0DF9E252C426000B3DAED;
					};
				};
			};
			buildConfigurationList = FAA0DF9A252C426000B3DAED /* Build configuration list for PBXProject "TableViewApp" */;
			compatibilityVersion = "Xcode 9.3";
			developmentRegion = en;
			hasScannedForEncodings = 0;
			knownRegions = (
				en,
				Base,
			);
			mainGroup = FAA0DF96252C426000B3DAED;
			productRefGroup = FAA0DFA0252C426000B3DAED /* Products */;
			projectDirPath = "";
			projectRoot = "";
			targets = (
				FAA0DF9E252C426000B3DAED /* TableViewApp */,
				FAA0DFB4252C426400B3DAED /* TableViewAppTests */,
				FAA0DFBF252C426400B3DAED /* TableViewAppUITests */,
			);
		};
/* End PBXProject section */

/* Begin PBXResourcesBuildPhase section */
		FAA0DF9D252C426000B3DAED /* Resources */ = {
			isa = PBXResourcesBuildPhase;
			buildActionMask = 2147483647;
			files = (
				FAA0DFAF252C426300B3DAED /* LaunchScreen.storyboard in Resources */,
				FAA0DFAC252C426300B3DAED /* Assets.xcassets in Resources */,
				FAA0DFAA252C426000B3DAED /* Main.storyboard in Resources */,
			);
			runOnlyForDeploymentPostprocessing = 0;
		};
		FAA0DFB3252C426400B3DAED /* Resources */ = {
			isa = PBXResourcesBuildPhase;
			buildActionMask = 2147483647;
			files = (
			);
			runOnlyForDeploymentPostprocessing = 0;
		};
		FAA0DFBE252C426400B3DAED /* Resources */ = {
			isa = PBXResourcesBuildPhase;
			buildActionMask = 2147483647;
			files = (
			);
			runOnlyForDeploymentPostprocessing = 0;
		};
/* End PBXResourcesBuildPhase section */

/* Begin PBXSourcesBuildPhase section */
		FAA0DF9B252C426000B3DAED /* Sources */ = {
			isa = PBXSourcesBuildPhase;
			buildActionMask = 2147483647;
			files = (
				FAA0DFA7252C426000B3DAED /* ViewController.swift in Sources */,
				FAA0DFA3252C426000B3DAED /* AppDelegate.swift in Sources */,
				FAA0DFA5252C426000B3DAED /* SceneDelegate.swift in Sources */,
			);
			runOnlyForDeploymentPostprocessing = 0;
		};
		FAA0DFB1252C426400B3DAED /* Sources */ = {
			isa = PBXSourcesBuildPhase;
			buildActionMask = 2147483647;
			files = (
				FAA0DFBA252C426400B3DAED /* TableViewAppTests.swift in Sources */,
			);
			runOnlyForDeploymentPostprocessing = 0;
		};
		FAA0DFBC252C426400B3DAED /* Sources */ = {
			isa = PBXSourcesBuildPhase;
			buildActionMask = 2147483647;
			files = (
				FAA0DFC5252C426400B3DAED /* TableViewAppUITests.swift in Sources */,
			);
			runOnlyForDeploymentPostprocessing = 0;
		};
/* End PBXSourcesBuildPhase section */

/* Begin PBXTargetDependency section */
		FAA0DFB7252C426400B3DAED /* PBXTargetDependency */ = {
			isa = PBXTargetDependency;
			target = FAA0DF9E252C426000B3DAED /* TableViewApp */;
			targetProxy = FAA0DFB6252C426400B3DAED /* PBXContainerItemProxy */;
		};
		FAA0DFC2252C426400B3DAED /* PBXTargetDependency */ = {
			isa = PBXTargetDependency;
			target = FAA0DF9E252C426000B3DAED /* TableViewApp */;
			targetProxy = FAA0DFC1252C426400B3DAED /* PBXContainerItemProxy */;
		};
/* End PBXTargetDependency section */

/* Begin PBXVariantGroup section */
		FAA0DFA8252C426000B3DAED /* Main.storyboard */ = {
			isa = PBXVariantGroup;
			children = (
				FAA0DFA9252C426000B3DAED /* Base */,
			);
			name = Main.storyboard;
			sourceTree = "<group>";
		};
		FAA0DFAD252C426300B3DAED /* LaunchScreen.storyboard */ = {
			isa = PBXVariantGroup;
			children = (
				FAA0DFAE252C426300B3DAED /* Base */,
			);
			name = LaunchScreen.storyboard;
			sourceTree = "<group>";
		};
/* End PBXVariantGroup section */

/* Begin XCBuildConfiguration section */
		FAA0DFC7252C426400B3DAED /* Debug */ = {
			isa = XCBuildConfiguration;
			buildSettings = {
				ALWAYS_SEARCH_USER_PATHS = NO;
				CLANG_ANALYZER_NONNULL = YES;
				CLANG_ANALYZER_NUMBER_OBJECT_CONVERSION = YES_AGGRESSIVE;
				CLANG_CXX_LANGUAGE_STANDARD = "gnu++14";
				CLANG_CXX_LIBRARY = "libc++";
				CLANG_ENABLE_MODULES = YES;
				CLANG_ENABLE_OBJC_ARC = YES;
				CLANG_ENABLE_OBJC_WEAK = YES;
				CLANG_WARN_BLOCK_CAPTURE_AUTORELEASING = YES;
				CLANG_WARN_BOOL_CONVERSION = YES;
				CLANG_WARN_COMMA = YES;
				CLANG_WARN_CONSTANT_CONVERSION = YES;
				CLANG_WARN_DEPRECATED_OBJC_IMPLEMENTATIONS = YES;
				CLANG_WARN_DIRECT_OBJC_ISA_USAGE = YES_ERROR;
				CLANG_WARN_DOCUMENTATION_COMMENTS = YES;
				CLANG_WARN_EMPTY_BODY = YES;
				CLANG_WARN_ENUM_CONVERSION = YES;
				CLANG_WARN_INFINITE_RECURSION = YES;
				CLANG_WARN_INT_CONVERSION = YES;
				CLANG_WARN_NON_LITERAL_NULL_CONVERSION = YES;
				CLANG_WARN_OBJC_IMPLICIT_RETAIN_SELF = YES;
				CLANG_WARN_OBJC_LITERAL_CONVERSION = YES;
				CLANG_WARN_OBJC_ROOT_CLASS = YES_ERROR;
				CLANG_WARN_QUOTED_INCLUDE_IN_FRAMEWORK_HEADER = YES;
				CLANG_WARN_RANGE_LOOP_ANALYSIS = YES;
				CLANG_WARN_STRICT_PROTOTYPES = YES;
				CLANG_WARN_SUSPICIOUS_MOVE = YES;
				CLANG_WARN_UNGUARDED_AVAILABILITY = YES_AGGRESSIVE;
				CLANG_WARN_UNREACHABLE_CODE = YES;
				CLANG_WARN__DUPLICATE_METHOD_MATCH = YES;
				COPY_PHASE_STRIP = NO;
				DEBUG_INFORMATION_FORMAT = dwarf;
				ENABLE_STRICT_OBJC_MSGSEND = YES;
				ENABLE_TESTABILITY = YES;
				GCC_C_LANGUAGE_STANDARD = gnu11;
				GCC_DYNAMIC_NO_PIC = NO;
				GCC_NO_COMMON_BLOCKS = YES;
				GCC_OPTIMIZATION_LEVEL = 0;
				GCC_PREPROCESSOR_DEFINITIONS = (
					"DEBUG=1",
					"$(inherited)",
				);
				GCC_WARN_64_TO_32_BIT_CONVERSION = YES;
				GCC_WARN_ABOUT_RETURN_TYPE = YES_ERROR;
				GCC_WARN_UNDECLARED_SELECTOR = YES;
				GCC_WARN_UNINITIALIZED_AUTOS = YES_AGGRESSIVE;
				GCC_WARN_UNUSED_FUNCTION = YES;
				GCC_WARN_UNUSED_VARIABLE = YES;
				IPHONEOS_DEPLOYMENT_TARGET = 14.0;
				MTL_ENABLE_DEBUG_INFO = INCLUDE_SOURCE;
				MTL_FAST_MATH = YES;
				ONLY_ACTIVE_ARCH = YES;
				SDKROOT = iphoneos;
				SWIFT_ACTIVE_COMPILATION_CONDITIONS = DEBUG;
				SWIFT_OPTIMIZATION_LEVEL = "-Onone";
			};
			name = Debug;
		};
		FAA0DFC8252C426400B3DAED /* Release */ = {
			isa = XCBuildConfiguration;
			buildSettings = {
				ALWAYS_SEARCH_USER_PATHS = NO;
				CLANG_ANALYZER_NONNULL = YES;
				CLANG_ANALYZER_NUMBER_OBJECT_CONVERSION = YES_AGGRESSIVE;
				CLANG_CXX_LANGUAGE_STANDARD = "gnu++14";
				CLANG_CXX_LIBRARY = "libc++";
				CLANG_ENABLE_MODULES = YES;
				CLANG_ENABLE_OBJC_ARC = YES;
				CLANG_ENABLE_OBJC_WEAK = YES;
				CLANG_WARN_BLOCK_CAPTURE_AUTORELEASING = YES;
				CLANG_WARN_BOOL_CONVERSION = YES;
				CLANG_WARN_COMMA = YES;
				CLANG_WARN_CONSTANT_CONVERSION = YES;
				CLANG_WARN_DEPRECATED_OBJC_IMPLEMENTATIONS = YES;
				CLANG_WARN_DIRECT_OBJC_ISA_USAGE = YES_ERROR;
				CLANG_WARN_DOCUMENTATION_COMMENTS = YES;
				CLANG_WARN_EMPTY_BODY = YES;
				CLANG_WARN_ENUM_CONVERSION = YES;
				CLANG_WARN_INFINITE_RECURSION = YES;
				CLANG_WARN_INT_CONVERSION = YES;
				CLANG_WARN_NON_LITERAL_NULL_CONVERSION = YES;
				CLANG_WARN_OBJC_IMPLICIT_RETAIN_SELF = YES;
				CLANG_WARN_OBJC_LITERAL_CONVERSION = YES;
				CLANG_WARN_OBJC_ROOT_CLASS = YES_ERROR;
				CLANG_WARN_QUOTED_INCLUDE_IN_FRAMEWORK_HEADER = YES;
				CLANG_WARN_RANGE_LOOP_ANALYSIS = YES;
				CLANG_WARN_STRICT_PROTOTYPES = YES;
				CLANG_WARN_SUSPICIOUS_MOVE = YES;
				CLANG_WARN_UNGUARDED_AVAILABILITY = YES_AGGRESSIVE;
				CLANG_WARN_UNREACHABLE_CODE = YES;
				CLANG_WARN__DUPLICATE_METHOD_MATCH = YES;
				COPY_PHASE_STRIP = NO;
				DEBUG_INFORMATION_FORMAT = "dwarf-with-dsym";
				ENABLE_NS_ASSERTIONS = NO;
				ENABLE_STRICT_OBJC_MSGSEND = YES;
				GCC_C_LANGUAGE_STANDARD = gnu11;
				GCC_NO_COMMON_BLOCKS = YES;
				GCC_WARN_64_TO_32_BIT_CONVERSION = YES;
				GCC_WARN_ABOUT_RETURN_TYPE = YES_ERROR;
				GCC_WARN_UNDECLARED_SELECTOR = YES;
				GCC_WARN_UNINITIALIZED_AUTOS = YES_AGGRESSIVE;
				GCC_WARN_UNUSED_FUNCTION = YES;
				GCC_WARN_UNUSED_VARIABLE = YES;
				IPHONEOS_DEPLOYMENT_TARGET = 14.0;
				MTL_ENABLE_DEBUG_INFO = NO;
				MTL_FAST_MATH = YES;
				SDKROOT = iphoneos;
				SWIFT_COMPILATION_MODE = wholemodule;
				SWIFT_OPTIMIZATION_LEVEL = "-O";
				VALIDATE_PRODUCT = YES;
			};
			name = Release;
		};
		FAA0DFCA252C426400B3DAED /* Debug */ = {
			isa = XCBuildConfiguration;
			buildSettings = {
				ASSETCATALOG_COMPILER_APPICON_NAME = AppIcon;
				ASSETCATALOG_COMPILER_GLOBAL_ACCENT_COLOR_NAME = AccentColor;
				CODE_SIGN_STYLE = Automatic;
				INFOPLIST_FILE = TableViewApp/Info.plist;
				LD_RUNPATH_SEARCH_PATHS = (
					"$(inherited)",
					"@executable_path/Frameworks",
				);
				PRODUCT_BUNDLE_IDENTIFIER = com.jancialex.TableViewApp;
				PRODUCT_NAME = "$(TARGET_NAME)";
				SWIFT_VERSION = 5.0;
				TARGETED_DEVICE_FAMILY = "1,2";
			};
			name = Debug;
		};
		FAA0DFCB252C426400B3DAED /* Release */ = {
			isa = XCBuildConfiguration;
			buildSettings = {
				ASSETCATALOG_COMPILER_APPICON_NAME = AppIcon;
				ASSETCATALOG_COMPILER_GLOBAL_ACCENT_COLOR_NAME = AccentColor;
				CODE_SIGN_STYLE = Automatic;
				INFOPLIST_FILE = TableViewApp/Info.plist;
				LD_RUNPATH_SEARCH_PATHS = (
					"$(inherited)",
					"@executable_path/Frameworks",
				);
				PRODUCT_BUNDLE_IDENTIFIER = com.jancialex.TableViewApp;
				PRODUCT_NAME = "$(TARGET_NAME)";
				SWIFT_VERSION = 5.0;
				TARGETED_DEVICE_FAMILY = "1,2";
			};
			name = Release;
		};
		FAA0DFCD252C426400B3DAED /* Debug */ = {
			isa = XCBuildConfiguration;
			buildSettings = {
				ALWAYS_EMBED_SWIFT_STANDARD_LIBRARIES = YES;
				BUNDLE_LOADER = "$(TEST_HOST)";
				CODE_SIGN_STYLE = Automatic;
				INFOPLIST_FILE = TableViewAppTests/Info.plist;
				IPHONEOS_DEPLOYMENT_TARGET = 14.0;
				LD_RUNPATH_SEARCH_PATHS = (
					"$(inherited)",
					"@executable_path/Frameworks",
					"@loader_path/Frameworks",
				);
				PRODUCT_BUNDLE_IDENTIFIER = com.jancialex.TableViewAppTests;
				PRODUCT_NAME = "$(TARGET_NAME)";
				SWIFT_VERSION = 5.0;
				TARGETED_DEVICE_FAMILY = "1,2";
				TEST_HOST = "$(BUILT_PRODUCTS_DIR)/TableViewApp.app/TableViewApp";
			};
			name = Debug;
		};
		FAA0DFCE252C426400B3DAED /* Release */ = {
			isa = XCBuildConfiguration;
			buildSettings = {
				ALWAYS_EMBED_SWIFT_STANDARD_LIBRARIES = YES;
				BUNDLE_LOADER = "$(TEST_HOST)";
				CODE_SIGN_STYLE = Automatic;
				INFOPLIST_FILE = TableViewAppTests/Info.plist;
				IPHONEOS_DEPLOYMENT_TARGET = 14.0;
				LD_RUNPATH_SEARCH_PATHS = (
					"$(inherited)",
					"@executable_path/Frameworks",
					"@loader_path/Frameworks",
				);
				PRODUCT_BUNDLE_IDENTIFIER = com.jancialex.TableViewAppTests;
				PRODUCT_NAME = "$(TARGET_NAME)";
				SWIFT_VERSION = 5.0;
				TARGETED_DEVICE_FAMILY = "1,2";
				TEST_HOST = "$(BUILT_PRODUCTS_DIR)/TableViewApp.app/TableViewApp";
			};
			name = Release;
		};
		FAA0DFD0252C426400B3DAED /* Debug */ = {
			isa = XCBuildConfiguration;
			buildSettings = {
				ALWAYS_EMBED_SWIFT_STANDARD_LIBRARIES = YES;
				CODE_SIGN_STYLE = Automatic;
				INFOPLIST_FILE = TableViewAppUITests/Info.plist;
				LD_RUNPATH_SEARCH_PATHS = (
					"$(inherited)",
					"@executable_path/Frameworks",
					"@loader_path/Frameworks",
				);
				PRODUCT_BUNDLE_IDENTIFIER = com.jancialex.TableViewAppUITests;
				PRODUCT_NAME = "$(TARGET_NAME)";
				SWIFT_VERSION = 5.0;
				TARGETED_DEVICE_FAMILY = "1,2";
				TEST_TARGET_NAME = TableViewApp;
			};
			name = Debug;
		};
		FAA0DFD1252C426400B3DAED /* Release */ = {
			isa = XCBuildConfiguration;
			buildSettings = {
				ALWAYS_EMBED_SWIFT_STANDARD_LIBRARIES = YES;
				CODE_SIGN_STYLE = Automatic;
				INFOPLIST_FILE = TableViewAppUITests/Info.plist;
				LD_RUNPATH_SEARCH_PATHS = (
					"$(inherited)",
					"@executable_path/Frameworks",
					"@loader_path/Frameworks",
				);
				PRODUCT_BUNDLE_IDENTIFIER = com.jancialex.TableViewAppUITests;
				PRODUCT_NAME = "$(TARGET_NAME)";
				SWIFT_VERSION = 5.0;
				TARGETED_DEVICE_FAMILY = "1,2";
				TEST_TARGET_NAME = TableViewApp;
			};
			name = Release;
		};
/* End XCBuildConfiguration section */

/* Begin XCConfigurationList section */
		FAA0DF9A252C426000B3DAED /* Build configuration list for PBXProject "TableViewApp" */ = {
			isa = XCConfigurationList;
			buildConfigurations = (
				FAA0DFC7252C426400B3DAED /* Debug */,
				FAA0DFC8252C426400B3DAED /* Release */,
			);
			defaultConfigurationIsVisible = 0;
			defaultConfigurationName = Release;
		};
		FAA0DFC9252C426400B3DAED /* Build configuration list for PBXNativeTarget "TableViewApp" */ = {
			isa = XCConfigurationList;
			buildConfigurations = (
				FAA0DFCA252C426400B3DAED /* Debug */,
				FAA0DFCB252C426400B3DAED /* Release */,
			);
			defaultConfigurationIsVisible = 0;
			defaultConfigurationName = Release;
		};
		FAA0DFCC252C426400B3DAED /* Build configuration list for PBXNativeTarget "TableViewAppTests" */ = {
			isa = XCConfigurationList;
			buildConfigurations = (
				FAA0DFCD252C426400B3DAED /* Debug */,
				FAA0DFCE252C426400B3DAED /* Release */,
			);
			defaultConfigurationIsVisible = 0;
			defaultConfigurationName = Release;
		};
		FAA0DFCF252C426400B3DAED /* Build configuration list for PBXNativeTarget "TableViewAppUITests" */ = {
			isa = XCConfigurationList;
			buildConfigurations = (
				FAA0DFD0252C426400B3DAED /* Debug */,
				FAA0DFD1252C426400B3DAED /* Release */,
			);
			defaultConfigurationIsVisible = 0;
			defaultConfigurationName = Release;
		};
/* End XCConfigurationList section */
	};
	rootObject = FAA0DF97252C426000B3DAED /* Project object */;
}
